
Microsoft Visual Studio Solution File, Format Version 12.00
# Visual Studio Version 17
VisualStudioVersion = 17.14.36717.8 d17.14
MinimumVisualStudioVersion = 10.0.40219.1
Project("{FAE04EC0-301F-11D3-BF4B-00C04F79EFBC}") = "HW 23.03.2026 Task 2", "HW 23.03.2026 Task 2\HW 23.03.2026 Task 2.csproj", "{EB8B9055-39A2-4092-A30D-886C1297533D}"
EndProject
Global
	GlobalSection(SolutionConfigurationPlatforms) = preSolution
		Debug|Any CPU = Debug|Any CPU
		Release|Any CPU = Release|Any CPU
	EndGlobalSection
	GlobalSection(ProjectConfigurationPlatforms) = postSolution
		{EB8B9055-39A2-4092-A30D-886C1297533D}.Debug|Any CPU.ActiveCfg = Debug|Any CPU
		{EB8B9055-39A2-4092-A30D-886C1297533D}.Debug|Any CPU.Build.0 = Debug|Any CPU
		{EB8B9055-39A2-4092-A30D-886C1297533D}.Release|Any CPU.ActiveCfg = Release|Any CPU
		{EB8B9055-39A2-4092-A30D-886C1297533D}.Release|Any CPU.Build.0 = Release|Any CPU
	EndGlobalSection
	GlobalSection(SolutionProperties) = preSolution
		HideSolutionNode = FALSE
	EndGlobalSection
	GlobalSection(ExtensibilityGlobals) = postSolution
		SolutionGuid = {5AF18D8C-2E1D-4E09-B0DD-C541B9730044}
	EndGlobalSection
EndGlobal
